<?xml version="1.0" encoding="utf-8"?>
<Project ToolsVersion="4.0" xmlns="http://schemas.microsoft.com/developer/msbuild/2003">
  <ItemGroup>
    <Filter Include="Source Files">
      <UniqueIdentifier>{4FC737F1-C7A5-4376-A066-2A32D752A2FF}</UniqueIdentifier>
      <Extensions>cpp;c;cc;cxx;def;odl;idl;hpj;bat;asm;asmx</Extensions>
    </Filter>
    <Filter Include="Header Files">
      <UniqueIdentifier>{93995380-89BD-4b04-88EB-625FBE52EBFB}</UniqueIdentifier>
      <Extensions>h;hh;hpp;hxx;hm;inl;inc;ipp;xsd</Extensions>
    </Filter>
    <Filter Include="Resource Files">
      <UniqueIdentifier>{67DA6AB6-F800-4c08-8B7A-83BB121AAD01}</UniqueIdentifier>
      <Extensions>rc;ico;cur;bmp;dlg;rc2;rct;bin;rgs;gif;jpg;jpeg;jpe;resx;tiff;tif;png;wav;mfcribbon-ms</Extensions>
    </Filter>
    <Filter Include="Framework">
      <UniqueIdentifier>{331e1bde-b3a9-4ba7-b70e-7b8c99c6c395}</UniqueIdentifier>
    </Filter>
    <Filter Include="Framework\platform">
      <UniqueIdentifier>{645b4e57-d5c9-4747-be46-f4a3a27efd32}</UniqueIdentifier>
    </Filter>
    <Filter Include="GL">
      <UniqueIdentifier>{9911c829-79eb-4f4e-b57f-ba348af06fe8}</UniqueIdentifier>
    </Filter>
    <Filter Include="Framework\platform\common">
      <UniqueIdentifier>{5aef5bd1-e3c3-4c96-8ea6-4247ff7a0039}</UniqueIdentifier>
    </Filter>
    <Filter Include="assets">
      <UniqueIdentifier>{f7e60ef0-b925-41ee-9e9d-fd33b3c5a1f9}</UniqueIdentifier>
    </Filter>
  </ItemGroup>
  <ItemGroup>
    <ClCompile Include="CEngine2.cpp">
      <Filter>Source Files</Filter>
    </ClCompile>
    <ClCompile Include="Browser.cpp">
      <Filter>Source Files</Filter>
    </ClCompile>
    <ClCompile Include="..\deps\ultralight\deps\Framework\JSHelpers.cpp">
      <Filter>Framework</Filter>
    </ClCompile>
    <ClCompile Include="..\deps\ultralight\deps\Framework\Overlay.cpp">
      <Filter>Framework</Filter>
    </ClCompile>
    <ClCompile Include="..\deps\ultralight\deps\Framework\platform\glfw\WindowGLFW.cpp">
      <Filter>GL</Filter>
    </ClCompile>
    <ClCompile Include="..\deps\ultralight\deps\Framework\platform\glfw\gl\GPUContextGL.cpp">
      <Filter>GL</Filter>
    </ClCompile>
    <ClCompile Include="..\deps\ultralight\deps\Framework\platform\glfw\gl\GPUDriverGL.cpp">
      <Filter>GL</Filter>
    </ClCompile>
    <ClCompile Include="..\deps\ultralight\deps\glfw\deps\glad.c">
      <Filter>GL</Filter>
    </ClCompile>
    <ClCompile Include="..\deps\ultralight\deps\Framework\platform\common\FileSystemBasic.cpp">
      <Filter>Framework\platform\common</Filter>
    </ClCompile>
    <ClCompile Include="..\deps\ultralight\deps\Framework\platform\common\FontLoaderRoboto.cpp">
      <Filter>Framework\platform\common</Filter>
    </ClCompile>
    <ClCompile Include="UI.cc">
      <Filter>Source Files</Filter>
    </ClCompile>
    <ClCompile Include="CEUI.cpp">
      <Filter>Source Files</Filter>
    </ClCompile>
  </ItemGroup>
  <ItemGroup>
    <ClInclude Include="Browser.h">
      <Filter>Header Files</Filter>
    </ClInclude>
    <ClInclude Include="..\deps\ultralight\deps\Framework\Application.h">
      <Filter>Framework</Filter>
    </ClInclude>
    <ClInclude Include="..\deps\ultralight\deps\Framework\GPUContext.h">
      <Filter>Framework</Filter>
    </ClInclude>
    <ClInclude Include="..\deps\ultralight\deps\Framework\JSHelpers.h">
      <Filter>Framework</Filter>
    </ClInclude>
    <ClInclude Include="..\deps\ultralight\deps\Framework\Overlay.h">
      <Filter>Framework</Filter>
    </ClInclude>
    <ClInclude Include="..\deps\ultralight\deps\Framework\Platform.h">
      <Filter>Framework</Filter>
    </ClInclude>
    <ClInclude Include="..\deps\ultralight\deps\Framework\Window.h">
      <Filter>Framework</Filter>
    </ClInclude>
    <ClInclude Include="..\deps\ultralight\deps\Framework\platform\glfw\PlatformGLFW.h">
      <Filter>GL</Filter>
    </ClInclude>
    <ClInclude Include="..\deps\ultralight\deps\Framework\platform\glfw\gl\GPUDriverGL.h">
      <Filter>GL</Filter>
    </ClInclude>
    <ClInclude Include="..\deps\ultralight\deps\glfw\deps\glad\glad.h">
      <Filter>GL</Filter>
    </ClInclude>
    <ClInclude Include="..\deps\ultralight\deps\Framework\platform\common\FileSystemBasic.h">
      <Filter>Framework\platform\common</Filter>
    </ClInclude>
    <ClInclude Include="..\deps\ultralight\deps\Framework\platform\common\FontLoaderRoboto.h">
      <Filter>Framework\platform\common</Filter>
    </ClInclude>
    <ClInclude Include="UI.h">
      <Filter>Header Files</Filter>
    </ClInclude>
    <ClInclude Include="CEUI.h">
      <Filter>Header Files</Filter>
    </ClInclude>
  </ItemGroup>
  <ItemGroup>
    <None Include="..\assets\about.html">
      <Filter>assets</Filter>
    </None>
    <None Include="..\assets\chrome-tabs.css">
      <Filter>assets</Filter>
    </None>
    <None Include="..\assets\chrome-tabs.js">
      <Filter>assets</Filter>
    </None>
    <None Include="..\assets\draggabilly.pkgd.min.js">
      <Filter>assets</Filter>
    </None>
    <None Include="..\assets\new_tab_page.html">
      <Filter>assets</Filter>
    </None>
    <None Include="..\assets\release_notes.html">
      <Filter>assets</Filter>
    </None>
    <None Include="..\assets\ui.css">
      <Filter>assets</Filter>
    </None>
    <None Include="..\assets\ui.html">
      <Filter>assets</Filter>
    </None>
    <None Include="..\assets\ui.js">
      <Filter>assets</Filter>
    </None>
  </ItemGroup>
</Project>